
Microsoft Visual Studio Solution File, Format Version 12.00
# Visual Studio Version 17
VisualStudioVersion = 17.8.34330.188
MinimumVisualStudioVersion = 10.0.40219.1
Project("{9A19103F-16F7-4668-BE54-9A1E7A4F7556}") = "Intro", "Intro\Intro.csproj", "{82FB332E-128F-43C6-9D60-26879C6C561A}"
EndProject
Project("{9A19103F-16F7-4668-BE54-9A1E7A4F7556}") = "Operatörler", "Operatörler\Operatörler.csproj", "{C3395E52-5086-4380-8B04-FF4D86DC99E1}"
EndProject
Project("{9A19103F-16F7-4668-BE54-9A1E7A4F7556}") = "SwitchCase", "SwitchCase\SwitchCase.csproj", "{97632369-5CA7-4738-8624-66396EA16F33}"
EndProject
Project("{9A19103F-16F7-4668-BE54-9A1E7A4F7556}") = "TypeConversion", "TypeConversion\TypeConversion.csproj", "{AC1A46A2-B124-4FEF-BAD3-DEFC07849989}"
EndProject
Project("{9A19103F-16F7-4668-BE54-9A1E7A4F7556}") = "KosulYapilari", "KosulYapilari\KosulYapilari.csproj", "{C79AF379-3B83-40FA-9276-D65BE4459AF6}"
EndProject
Project("{9A19103F-16F7-4668-BE54-9A1E7A4F7556}") = "Donguler", "Donguler\Donguler.csproj", "{3FD4A4D1-89D7-48DE-9172-49DBAAFA765B}"
EndProject
Project("{FAE04EC0-301F-11D3-BF4B-00C04F79EFBC}") = "BreakContinueReturn", "BreakContinueReturn\BreakContinueReturn.csproj", "{2AE5C5F2-73E4-4414-AEA6-04B57188E556}"
EndProject
Project("{FAE04EC0-301F-11D3-BF4B-00C04F79EFBC}") = "Diziler", "Diziler\Diziler.csproj", "{DFB6D437-5CB8-46DB-BE54-DBB3033CC2A2}"
EndProject
Global
	GlobalSection(SolutionConfigurationPlatforms) = preSolution
		Debug|Any CPU = Debug|Any CPU
		Release|Any CPU = Release|Any CPU
	EndGlobalSection
	GlobalSection(ProjectConfigurationPlatforms) = postSolution
		{82FB332E-128F-43C6-9D60-26879C6C561A}.Debug|Any CPU.ActiveCfg = Debug|Any CPU
		{82FB332E-128F-43C6-9D60-26879C6C561A}.Debug|Any CPU.Build.0 = Debug|Any CPU
		{82FB332E-128F-43C6-9D60-26879C6C561A}.Release|Any CPU.ActiveCfg = Release|Any CPU
		{82FB332E-128F-43C6-9D60-26879C6C561A}.Release|Any CPU.Build.0 = Release|Any CPU
		{C3395E52-5086-4380-8B04-FF4D86DC99E1}.Debug|Any CPU.ActiveCfg = Debug|Any CPU
		{C3395E52-5086-4380-8B04-FF4D86DC99E1}.Debug|Any CPU.Build.0 = Debug|Any CPU
		{C3395E52-5086-4380-8B04-FF4D86DC99E1}.Release|Any CPU.ActiveCfg = Release|Any CPU
		{C3395E52-5086-4380-8B04-FF4D86DC99E1}.Release|Any CPU.Build.0 = Release|Any CPU
		{97632369-5CA7-4738-8624-66396EA16F33}.Debug|Any CPU.ActiveCfg = Debug|Any CPU
		{97632369-5CA7-4738-8624-66396EA16F33}.Debug|Any CPU.Build.0 = Debug|Any CPU
		{97632369-5CA7-4738-8624-66396EA16F33}.Release|Any CPU.ActiveCfg = Release|Any CPU
		{97632369-5CA7-4738-8624-66396EA16F33}.Release|Any CPU.Build.0 = Release|Any CPU
		{AC1A46A2-B124-4FEF-BAD3-DEFC07849989}.Debug|Any CPU.ActiveCfg = Debug|Any CPU
		{AC1A46A2-B124-4FEF-BAD3-DEFC07849989}.Debug|Any CPU.Build.0 = Debug|Any CPU
		{AC1A46A2-B124-4FEF-BAD3-DEFC07849989}.Release|Any CPU.ActiveCfg = Release|Any CPU
		{AC1A46A2-B124-4FEF-BAD3-DEFC07849989}.Release|Any CPU.Build.0 = Release|Any CPU
		{C79AF379-3B83-40FA-9276-D65BE4459AF6}.Debug|Any CPU.ActiveCfg = Debug|Any CPU
		{C79AF379-3B83-40FA-9276-D65BE4459AF6}.Debug|Any CPU.Build.0 = Debug|Any CPU
		{C79AF379-3B83-40FA-9276-D65BE4459AF6}.Release|Any CPU.ActiveCfg = Release|Any CPU
		{C79AF379-3B83-40FA-9276-D65BE4459AF6}.Release|Any CPU.Build.0 = Release|Any CPU
		{3FD4A4D1-89D7-48DE-9172-49DBAAFA765B}.Debug|Any CPU.ActiveCfg = Debug|Any CPU
		{3FD4A4D1-89D7-48DE-9172-49DBAAFA765B}.Debug|Any CPU.Build.0 = Debug|Any CPU
		{3FD4A4D1-89D7-48DE-9172-49DBAAFA765B}.Release|Any CPU.ActiveCfg = Release|Any CPU
		{3FD4A4D1-89D7-48DE-9172-49DBAAFA765B}.Release|Any CPU.Build.0 = Release|Any CPU
		{2AE5C5F2-73E4-4414-AEA6-04B57188E556}.Debug|Any CPU.ActiveCfg = Debug|Any CPU
		{2AE5C5F2-73E4-4414-AEA6-04B57188E556}.Debug|Any CPU.Build.0 = Debug|Any CPU
		{2AE5C5F2-73E4-4414-AEA6-04B57188E556}.Release|Any CPU.ActiveCfg = Release|Any CPU
		{2AE5C5F2-73E4-4414-AEA6-04B57188E556}.Release|Any CPU.Build.0 = Release|Any CPU
		{DFB6D437-5CB8-46DB-BE54-DBB3033CC2A2}.Debug|Any CPU.ActiveCfg = Debug|Any CPU
		{DFB6D437-5CB8-46DB-BE54-DBB3033CC2A2}.Debug|Any CPU.Build.0 = Debug|Any CPU
		{DFB6D437-5CB8-46DB-BE54-DBB3033CC2A2}.Release|Any CPU.ActiveCfg = Release|Any CPU
		{DFB6D437-5CB8-46DB-BE54-DBB3033CC2A2}.Release|Any CPU.Build.0 = Release|Any CPU
	EndGlobalSection
	GlobalSection(SolutionProperties) = preSolution
		HideSolutionNode = FALSE
	EndGlobalSection
	GlobalSection(ExtensibilityGlobals) = postSolution
		SolutionGuid = {FA272C69-E2C7-4A73-BA00-07B161347D24}
	EndGlobalSection
EndGlobal
